
Microsoft Visual Studio Solution File, Format Version 12.00
# Visual Studio 14
VisualStudioVersion = 14.0.25420.1
MinimumVisualStudioVersion = 10.0.40219.1
Project("{E24C65DC-7377-472B-9ABA-BC803B73C61A}") = "CompartamosMas", "..\..\WebSites\CompartamosMas\", "{E8AA0DA7-A420-481C-AB3E-473BF8019E10}"
	ProjectSection(WebsiteProperties) = preProject
		TargetFrameworkMoniker = ".NETFramework,Version%3Dv4.5.2"
		Debug.AspNetCompiler.VirtualPath = "/localhost_52933"
		Debug.AspNetCompiler.PhysicalPath = "..\..\WebSites\CompartamosMas\"
		Debug.AspNetCompiler.TargetPath = "PrecompiledWeb\localhost_52933\"
		Debug.AspNetCompiler.Updateable = "true"
		Debug.AspNetCompiler.ForceOverwrite = "true"
		Debug.AspNetCompiler.FixedNames = "false"
		Debug.AspNetCompiler.Debug = "True"
		Release.AspNetCompiler.VirtualPath = "/localhost_52933"
		Release.AspNetCompiler.PhysicalPath = "..\..\WebSites\CompartamosMas\"
		Release.AspNetCompiler.TargetPath = "PrecompiledWeb\localhost_52933\"
		Release.AspNetCompiler.Updateable = "true"
		Release.AspNetCompiler.ForceOverwrite = "true"
		Release.AspNetCompiler.FixedNames = "false"
		Release.AspNetCompiler.Debug = "False"
		VWDPort = "52933"
		SlnRelativePath = "..\..\WebSites\CompartamosMas\"
		DefaultWebSiteLanguage = "Visual C#"
	EndProjectSection
EndProject
Global
	GlobalSection(SolutionConfigurationPlatforms) = preSolution
		Debug|Any CPU = Debug|Any CPU
	EndGlobalSection
	GlobalSection(ProjectConfigurationPlatforms) = postSolution
		{E8AA0DA7-A420-481C-AB3E-473BF8019E10}.Debug|Any CPU.ActiveCfg = Debug|Any CPU
		{E8AA0DA7-A420-481C-AB3E-473BF8019E10}.Debug|Any CPU.Build.0 = Debug|Any CPU
	EndGlobalSection
	GlobalSection(SolutionProperties) = preSolution
		HideSolutionNode = FALSE
	EndGlobalSection
EndGlobal
